// !$*UTF8*$!
{
	archiveVersion = 1;
	classes = {
	};
	objectVersion = 46;
	objects = {

/* Begin PBXBuildFile section */
		946B91CA1C399F0F00BA9B62 /* main.cpp in Sources */ = {isa = PBXBuildFile; fileRef = 946B91C91C399F0F00BA9B62 /* main.cpp */; };
		946B91D21C399F6E00BA9B62 /* README.md in Sources */ = {isa = PBXBuildFile; fileRef = 946B91D11C399F6E00BA9B62 /* README.md */; };
		946B91D51C39A37700BA9B62 /* Dot.cpp in Sources */ = {isa = PBXBuildFile; fileRef = 946B91D31C39A37700BA9B62 /* Dot.cpp */; };
		946B91DE1C39A4D000BA9B62 /* Parse.cpp in Sources */ = {isa = PBXBuildFile; fileRef = 946B91DC1C39A4D000BA9B62 /* Parse.cpp */; };
		946B91E71C39A9A400BA9B62 /* Tests.mm in Sources */ = {isa = PBXBuildFile; fileRef = 946B91E61C39A9A400BA9B62 /* Tests.mm */; };
		946B91F51C39A9BA00BA9B62 /* input.txt in Resources */ = {isa = PBXBuildFile; fileRef = 946B91ED1C39A9BA00BA9B62 /* input.txt */; };
		946B91F61C39A9BA00BA9B62 /* input2.txt in Resources */ = {isa = PBXBuildFile; fileRef = 946B91EE1C39A9BA00BA9B62 /* input2.txt */; };
		946B91F71C39A9BA00BA9B62 /* input3.txt in Resources */ = {isa = PBXBuildFile; fileRef = 946B91EF1C39A9BA00BA9B62 /* input3.txt */; };
		946B91F81C39A9BA00BA9B62 /* input4.txt in Resources */ = {isa = PBXBuildFile; fileRef = 946B91F01C39A9BA00BA9B62 /* input4.txt */; };
		946B91F91C39A9BA00BA9B62 /* output.txt in Resources */ = {isa = PBXBuildFile; fileRef = 946B91F11C39A9BA00BA9B62 /* output.txt */; };
		946B91FA1C39A9BA00BA9B62 /* output2.txt in Resources */ = {isa = PBXBuildFile; fileRef = 946B91F21C39A9BA00BA9B62 /* output2.txt */; };
		946B91FB1C39A9BA00BA9B62 /* output3.txt in Resources */ = {isa = PBXBuildFile; fileRef = 946B91F31C39A9BA00BA9B62 /* output3.txt */; };
		946B91FC1C39A9BA00BA9B62 /* output4.txt in Resources */ = {isa = PBXBuildFile; fileRef = 946B91F41C39A9BA00BA9B62 /* output4.txt */; };
		946B91FF1C39ADB900BA9B62 /* Cluster.cpp in Sources */ = {isa = PBXBuildFile; fileRef = 946B91FD1C39ADB900BA9B62 /* Cluster.cpp */; };
		946B92001C39B7CC00BA9B62 /* Dot.cpp in Sources */ = {isa = PBXBuildFile; fileRef = 946B91D31C39A37700BA9B62 /* Dot.cpp */; };
		946B92011C39B7CE00BA9B62 /* Parse.cpp in Sources */ = {isa = PBXBuildFile; fileRef = 946B91DC1C39A4D000BA9B62 /* Parse.cpp */; };
		946B92021C39B7CF00BA9B62 /* Cluster.cpp in Sources */ = {isa = PBXBuildFile; fileRef = 946B91FD1C39ADB900BA9B62 /* Cluster.cpp */; };
/* End PBXBuildFile section */

/* Begin PBXCopyFilesBuildPhase section */
		946B91C41C399F0F00BA9B62 /* CopyFiles */ = {
			isa = PBXCopyFilesBuildPhase;
			buildActionMask = 2147483647;
			dstPath = /usr/share/man/man1/;
			dstSubfolderSpec = 0;
			files = (
			);
			runOnlyForDeploymentPostprocessing = 1;
		};
/* End PBXCopyFilesBuildPhase section */

/* Begin PBXFileReference section */
		946B91C61C399F0F00BA9B62 /* Ex3 */ = {isa = PBXFileReference; explicitFileType = "compiled.mach-o.executable"; includeInIndex = 0; path = Ex3; sourceTree = BUILT_PRODUCTS_DIR; };
		946B91C91C399F0F00BA9B62 /* main.cpp */ = {isa = PBXFileReference; lastKnownFileType = sourcecode.cpp.cpp; path = main.cpp; sourceTree = "<group>"; };
		946B91D01C399F6E00BA9B62 /* LICENSE */ = {isa = PBXFileReference; fileEncoding = 4; lastKnownFileType = text; path = LICENSE; sourceTree = "<group>"; };
		946B91D11C399F6E00BA9B62 /* README.md */ = {isa = PBXFileReference; fileEncoding = 4; lastKnownFileType = net.daringfireball.markdown; path = README.md; sourceTree = "<group>"; };
		946B91D31C39A37700BA9B62 /* Dot.cpp */ = {isa = PBXFileReference; fileEncoding = 4; lastKnownFileType = sourcecode.cpp.cpp; path = Dot.cpp; sourceTree = "<group>"; };
		946B91D41C39A37700BA9B62 /* Dot.hpp */ = {isa = PBXFileReference; fileEncoding = 4; lastKnownFileType = sourcecode.cpp.h; path = Dot.hpp; sourceTree = "<group>"; };
		946B91DC1C39A4D000BA9B62 /* Parse.cpp */ = {isa = PBXFileReference; fileEncoding = 4; lastKnownFileType = sourcecode.cpp.cpp; path = Parse.cpp; sourceTree = "<group>"; };
		946B91DD1C39A4D000BA9B62 /* Parse.hpp */ = {isa = PBXFileReference; fileEncoding = 4; lastKnownFileType = sourcecode.cpp.h; path = Parse.hpp; sourceTree = "<group>"; };
		946B91E41C39A9A400BA9B62 /* Tests.xctest */ = {isa = PBXFileReference; explicitFileType = wrapper.cfbundle; includeInIndex = 0; path = Tests.xctest; sourceTree = BUILT_PRODUCTS_DIR; };
		946B91E61C39A9A400BA9B62 /* Tests.mm */ = {isa = PBXFileReference; lastKnownFileType = sourcecode.cpp.objcpp; path = Tests.mm; sourceTree = "<group>"; };
		946B91E81C39A9A400BA9B62 /* Info.plist */ = {isa = PBXFileReference; lastKnownFileType = text.plist.xml; path = Info.plist; sourceTree = "<group>"; };
		946B91ED1C39A9BA00BA9B62 /* input.txt */ = {isa = PBXFileReference; fileEncoding = 4; lastKnownFileType = text; path = input.txt; sourceTree = "<group>"; };
		946B91EE1C39A9BA00BA9B62 /* input2.txt */ = {isa = PBXFileReference; fileEncoding = 4; lastKnownFileType = text; path = input2.txt; sourceTree = "<group>"; };
		946B91EF1C39A9BA00BA9B62 /* input3.txt */ = {isa = PBXFileReference; fileEncoding = 4; lastKnownFileType = text; path = input3.txt; sourceTree = "<group>"; };
		946B91F01C39A9BA00BA9B62 /* input4.txt */ = {isa = PBXFileReference; fileEncoding = 4; lastKnownFileType = text; path = input4.txt; sourceTree = "<group>"; };
		946B91F11C39A9BA00BA9B62 /* output.txt */ = {isa = PBXFileReference; fileEncoding = 4; lastKnownFileType = text; path = output.txt; sourceTree = "<group>"; };
		946B91F21C39A9BA00BA9B62 /* output2.txt */ = {isa = PBXFileReference; fileEncoding = 4; lastKnownFileType = text; path = output2.txt; sourceTree = "<group>"; };
		946B91F31C39A9BA00BA9B62 /* output3.txt */ = {isa = PBXFileReference; fileEncoding = 4; lastKnownFileType = text; path = output3.txt; sourceTree = "<group>"; };
		946B91F41C39A9BA00BA9B62 /* output4.txt */ = {isa = PBXFileReference; fileEncoding = 4; lastKnownFileType = text; path = output4.txt; sourceTree = "<group>"; };
		946B91FD1C39ADB900BA9B62 /* Cluster.cpp */ = {isa = PBXFileReference; fileEncoding = 4; lastKnownFileType = sourcecode.cpp.cpp; path = Cluster.cpp; sourceTree = "<group>"; };
		946B91FE1C39ADB900BA9B62 /* Cluster.hpp */ = {isa = PBXFileReference; fileEncoding = 4; lastKnownFileType = sourcecode.cpp.h; path = Cluster.hpp; sourceTree = "<group>"; };
/* End PBXFileReference section */

/* Begin PBXFrameworksBuildPhase section */
		946B91C31C399F0F00BA9B62 /* Frameworks */ = {
			isa = PBXFrameworksBuildPhase;
			buildActionMask = 2147483647;
			files = (
			);
			runOnlyForDeploymentPostprocessing = 0;
		};
		946B91E11C39A9A400BA9B62 /* Frameworks */ = {
			isa = PBXFrameworksBuildPhase;
			buildActionMask = 2147483647;
			files = (
			);
			runOnlyForDeploymentPostprocessing = 0;
		};
/* End PBXFrameworksBuildPhase section */

/* Begin PBXGroup section */
		946B91BD1C399F0E00BA9B62 = {
			isa = PBXGroup;
			children = (
				946B91D01C399F6E00BA9B62 /* LICENSE */,
				946B91D11C399F6E00BA9B62 /* README.md */,
				946B91C81C399F0F00BA9B62 /* Ex3 */,
				946B91E51C39A9A400BA9B62 /* Tests */,
				946B91C71C399F0F00BA9B62 /* Products */,
			);
			sourceTree = "<group>";
		};
		946B91C71C399F0F00BA9B62 /* Products */ = {
			isa = PBXGroup;
			children = (
				946B91C61C399F0F00BA9B62 /* Ex3 */,
				946B91E41C39A9A400BA9B62 /* Tests.xctest */,
			);
			name = Products;
			sourceTree = "<group>";
		};
		946B91C81C399F0F00BA9B62 /* Ex3 */ = {
			isa = PBXGroup;
			children = (
				946B91D41C39A37700BA9B62 /* Dot.hpp */,
				946B91D31C39A37700BA9B62 /* Dot.cpp */,
				946B91DD1C39A4D000BA9B62 /* Parse.hpp */,
				946B91DC1C39A4D000BA9B62 /* Parse.cpp */,
				946B91FE1C39ADB900BA9B62 /* Cluster.hpp */,
				946B91FD1C39ADB900BA9B62 /* Cluster.cpp */,
				946B91C91C399F0F00BA9B62 /* main.cpp */,
			);
			path = Ex3;
			sourceTree = "<group>";
		};
		946B91E51C39A9A400BA9B62 /* Tests */ = {
			isa = PBXGroup;
			children = (
				946B91EC1C39A9A900BA9B62 /* Testing Files */,
				946B91E61C39A9A400BA9B62 /* Tests.mm */,
				946B91E81C39A9A400BA9B62 /* Info.plist */,
			);
			path = Tests;
			sourceTree = "<group>";
		};
		946B91EC1C39A9A900BA9B62 /* Testing Files */ = {
			isa = PBXGroup;
			children = (
				946B91ED1C39A9BA00BA9B62 /* input.txt */,
				946B91EE1C39A9BA00BA9B62 /* input2.txt */,
				946B91EF1C39A9BA00BA9B62 /* input3.txt */,
				946B91F01C39A9BA00BA9B62 /* input4.txt */,
				946B91F11C39A9BA00BA9B62 /* output.txt */,
				946B91F21C39A9BA00BA9B62 /* output2.txt */,
				946B91F31C39A9BA00BA9B62 /* output3.txt */,
				946B91F41C39A9BA00BA9B62 /* output4.txt */,
			);
			name = "Testing Files";
			sourceTree = "<group>";
		};
/* End PBXGroup section */

/* Begin PBXNativeTarget section */
		946B91C51C399F0F00BA9B62 /* Ex3 */ = {
			isa = PBXNativeTarget;
			buildConfigurationList = 946B91CD1C399F0F00BA9B62 /* Build configuration list for PBXNativeTarget "Ex3" */;
			buildPhases = (
				946B91C21C399F0F00BA9B62 /* Sources */,
				946B91C31C399F0F00BA9B62 /* Frameworks */,
				946B91C41C399F0F00BA9B62 /* CopyFiles */,
			);
			buildRules = (
			);
			dependencies = (
			);
			name = Ex3;
			productName = Ex3;
			productReference = 946B91C61C399F0F00BA9B62 /* Ex3 */;
			productType = "com.apple.product-type.tool";
		};
		946B91E31C39A9A400BA9B62 /* Tests */ = {
			isa = PBXNativeTarget;
			buildConfigurationList = 946B91E91C39A9A400BA9B62 /* Build configuration list for PBXNativeTarget "Tests" */;
			buildPhases = (
				946B91E01C39A9A400BA9B62 /* Sources */,
				946B91E11C39A9A400BA9B62 /* Frameworks */,
				946B91E21C39A9A400BA9B62 /* Resources */,
			);
			buildRules = (
			);
			dependencies = (
			);
			name = Tests;
			productName = Tests;
			productReference = 946B91E41C39A9A400BA9B62 /* Tests.xctest */;
			productType = "com.apple.product-type.bundle.unit-test";
		};
/* End PBXNativeTarget section */

/* Begin PBXProject section */
		946B91BE1C399F0E00BA9B62 /* Project object */ = {
			isa = PBXProject;
			attributes = {
				LastUpgradeCheck = 0720;
				ORGANIZATIONNAME = "Maxim Vainshtein";
				TargetAttributes = {
					946B91C51C399F0F00BA9B62 = {
						CreatedOnToolsVersion = 7.2;
					};
					946B91E31C39A9A400BA9B62 = {
						CreatedOnToolsVersion = 7.2;
					};
				};
			};
			buildConfigurationList = 946B91C11C399F0E00BA9B62 /* Build configuration list for PBXProject "Ex3" */;
			compatibilityVersion = "Xcode 3.2";
			developmentRegion = English;
			hasScannedForEncodings = 0;
			knownRegions = (
				en,
			);
			mainGroup = 946B91BD1C399F0E00BA9B62;
			productRefGroup = 946B91C71C399F0F00BA9B62 /* Products */;
			projectDirPath = "";
			projectRoot = "";
			targets = (
				946B91C51C399F0F00BA9B62 /* Ex3 */,
				946B91E31C39A9A400BA9B62 /* Tests */,
			);
		};
/* End PBXProject section */

/* Begin PBXResourcesBuildPhase section */
		946B91E21C39A9A400BA9B62 /* Resources */ = {
			isa = PBXResourcesBuildPhase;
			buildActionMask = 2147483647;
			files = (
				946B91F81C39A9BA00BA9B62 /* input4.txt in Resources */,
				946B91F61C39A9BA00BA9B62 /* input2.txt in Resources */,
				946B91FA1C39A9BA00BA9B62 /* output2.txt in Resources */,
				946B91F71C39A9BA00BA9B62 /* input3.txt in Resources */,
				946B91FB1C39A9BA00BA9B62 /* output3.txt in Resources */,
				946B91F91C39A9BA00BA9B62 /* output.txt in Resources */,
				946B91FC1C39A9BA00BA9B62 /* output4.txt in Resources */,
				946B91F51C39A9BA00BA9B62 /* input.txt in Resources */,
			);
			runOnlyForDeploymentPostprocessing = 0;
		};
/* End PBXResourcesBuildPhase section */

/* Begin PBXSourcesBuildPhase section */
		946B91C21C399F0F00BA9B62 /* Sources */ = {
			isa = PBXSourcesBuildPhase;
			buildActionMask = 2147483647;
			files = (
				946B91D51C39A37700BA9B62 /* Dot.cpp in Sources */,
				946B91DE1C39A4D000BA9B62 /* Parse.cpp in Sources */,
				946B91D21C399F6E00BA9B62 /* README.md in Sources */,
				946B91FF1C39ADB900BA9B62 /* Cluster.cpp in Sources */,
				946B91CA1C399F0F00BA9B62 /* main.cpp in Sources */,
			);
			runOnlyForDeploymentPostprocessing = 0;
		};
		946B91E01C39A9A400BA9B62 /* Sources */ = {
			isa = PBXSourcesBuildPhase;
			buildActionMask = 2147483647;
			files = (
				946B92021C39B7CF00BA9B62 /* Cluster.cpp in Sources */,
				946B92001C39B7CC00BA9B62 /* Dot.cpp in Sources */,
				946B91E71C39A9A400BA9B62 /* Tests.mm in Sources */,
				946B92011C39B7CE00BA9B62 /* Parse.cpp in Sources */,
			);
			runOnlyForDeploymentPostprocessing = 0;
		};
/* End PBXSourcesBuildPhase section */

/* Begin XCBuildConfiguration section */
		946B91CB1C399F0F00BA9B62 /* Debug */ = {
			isa = XCBuildConfiguration;
			buildSettings = {
				ALWAYS_SEARCH_USER_PATHS = NO;
				CLANG_CXX_LANGUAGE_STANDARD = "gnu++0x";
				CLANG_CXX_LIBRARY = "libc++";
				CLANG_ENABLE_MODULES = YES;
				CLANG_ENABLE_OBJC_ARC = YES;
				CLANG_WARN_BOOL_CONVERSION = YES;
				CLANG_WARN_CONSTANT_CONVERSION = YES;
				CLANG_WARN_DIRECT_OBJC_ISA_USAGE = YES_ERROR;
				CLANG_WARN_EMPTY_BODY = YES;
				CLANG_WARN_ENUM_CONVERSION = YES;
				CLANG_WARN_INT_CONVERSION = YES;
				CLANG_WARN_OBJC_ROOT_CLASS = YES_ERROR;
				CLANG_WARN_UNREACHABLE_CODE = YES;
				CLANG_WARN__DUPLICATE_METHOD_MATCH = YES;
				CODE_SIGN_IDENTITY = "-";
				COPY_PHASE_STRIP = NO;
				DEBUG_INFORMATION_FORMAT = dwarf;
				ENABLE_STRICT_OBJC_MSGSEND = YES;
				ENABLE_TESTABILITY = YES;
				GCC_C_LANGUAGE_STANDARD = gnu99;
				GCC_DYNAMIC_NO_PIC = NO;
				GCC_NO_COMMON_BLOCKS = YES;
				GCC_OPTIMIZATION_LEVEL = 0;
				GCC_PREPROCESSOR_DEFINITIONS = (
					"DEBUG=1",
					"$(inherited)",
				);
				GCC_WARN_64_TO_32_BIT_CONVERSION = YES;
				GCC_WARN_ABOUT_RETURN_TYPE = YES_ERROR;
				GCC_WARN_UNDECLARED_SELECTOR = YES;
				GCC_WARN_UNINITIALIZED_AUTOS = YES_AGGRESSIVE;
				GCC_WARN_UNUSED_FUNCTION = YES;
				GCC_WARN_UNUSED_VARIABLE = YES;
				MACOSX_DEPLOYMENT_TARGET = 10.11;
				MTL_ENABLE_DEBUG_INFO = YES;
				ONLY_ACTIVE_ARCH = YES;
				SDKROOT = macosx;
			};
			name = Debug;
		};
		946B91CC1C399F0F00BA9B62 /* Release */ = {
			isa = XCBuildConfiguration;
			buildSettings = {
				ALWAYS_SEARCH_USER_PATHS = NO;
				CLANG_CXX_LANGUAGE_STANDARD = "gnu++0x";
				CLANG_CXX_LIBRARY = "libc++";
				CLANG_ENABLE_MODULES = YES;
				CLANG_ENABLE_OBJC_ARC = YES;
				CLANG_WARN_BOOL_CONVERSION = YES;
				CLANG_WARN_CONSTANT_CONVERSION = YES;
				CLANG_WARN_DIRECT_OBJC_ISA_USAGE = YES_ERROR;
				CLANG_WARN_EMPTY_BODY = YES;
				CLANG_WARN_ENUM_CONVERSION = YES;
				CLANG_WARN_INT_CONVERSION = YES;
				CLANG_WARN_OBJC_ROOT_CLASS = YES_ERROR;
				CLANG_WARN_UNREACHABLE_CODE = YES;
				CLANG_WARN__DUPLICATE_METHOD_MATCH = YES;
				CODE_SIGN_IDENTITY = "-";
				COPY_PHASE_STRIP = NO;
				DEBUG_INFORMATION_FORMAT = "dwarf-with-dsym";
				ENABLE_NS_ASSERTIONS = NO;
				ENABLE_STRICT_OBJC_MSGSEND = YES;
				GCC_C_LANGUAGE_STANDARD = gnu99;
				GCC_NO_COMMON_BLOCKS = YES;
				GCC_WARN_64_TO_32_BIT_CONVERSION = YES;
				GCC_WARN_ABOUT_RETURN_TYPE = YES_ERROR;
				GCC_WARN_UNDECLARED_SELECTOR = YES;
				GCC_WARN_UNINITIALIZED_AUTOS = YES_AGGRESSIVE;
				GCC_WARN_UNUSED_FUNCTION = YES;
				GCC_WARN_UNUSED_VARIABLE = YES;
				MACOSX_DEPLOYMENT_TARGET = 10.11;
				MTL_ENABLE_DEBUG_INFO = NO;
				SDKROOT = macosx;
			};
			name = Release;
		};
		946B91CE1C399F0F00BA9B62 /* Debug */ = {
			isa = XCBuildConfiguration;
			buildSettings = {
				PRODUCT_NAME = "$(TARGET_NAME)";
			};
			name = Debug;
		};
		946B91CF1C399F0F00BA9B62 /* Release */ = {
			isa = XCBuildConfiguration;
			buildSettings = {
				PRODUCT_NAME = "$(TARGET_NAME)";
			};
			name = Release;
		};
		946B91EA1C39A9A400BA9B62 /* Debug */ = {
			isa = XCBuildConfiguration;
			buildSettings = {
				COMBINE_HIDPI_IMAGES = YES;
				INFOPLIST_FILE = Tests/Info.plist;
				LD_RUNPATH_SEARCH_PATHS = "$(inherited) @executable_path/../Frameworks @loader_path/../Frameworks";
				PRODUCT_BUNDLE_IDENTIFIER = com.MaximVainshtein.BIU.Tests;
				PRODUCT_NAME = "$(TARGET_NAME)";
			};
			name = Debug;
		};
		946B91EB1C39A9A400BA9B62 /* Release */ = {
			isa = XCBuildConfiguration;
			buildSettings = {
				COMBINE_HIDPI_IMAGES = YES;
				INFOPLIST_FILE = Tests/Info.plist;
				LD_RUNPATH_SEARCH_PATHS = "$(inherited) @executable_path/../Frameworks @loader_path/../Frameworks";
				PRODUCT_BUNDLE_IDENTIFIER = com.MaximVainshtein.BIU.Tests;
				PRODUCT_NAME = "$(TARGET_NAME)";
			};
			name = Release;
		};
/* End XCBuildConfiguration section */

/* Begin XCConfigurationList section */
		946B91C11C399F0E00BA9B62 /* Build configuration list for PBXProject "Ex3" */ = {
			isa = XCConfigurationList;
			buildConfigurations = (
				946B91CB1C399F0F00BA9B62 /* Debug */,
				946B91CC1C399F0F00BA9B62 /* Release */,
			);
			defaultConfigurationIsVisible = 0;
			defaultConfigurationName = Release;
		};
		946B91CD1C399F0F00BA9B62 /* Build configuration list for PBXNativeTarget "Ex3" */ = {
			isa = XCConfigurationList;
			buildConfigurations = (
				946B91CE1C399F0F00BA9B62 /* Debug */,
				946B91CF1C399F0F00BA9B62 /* Release */,
			);
			defaultConfigurationIsVisible = 0;
		};
		946B91E91C39A9A400BA9B62 /* Build configuration list for PBXNativeTarget "Tests" */ = {
			isa = XCConfigurationList;
			buildConfigurations = (
				946B91EA1C39A9A400BA9B62 /* Debug */,
				946B91EB1C39A9A400BA9B62 /* Release */,
			);
			defaultConfigurationIsVisible = 0;
		};
/* End XCConfigurationList section */
	};
	rootObject = 946B91BE1C399F0E00BA9B62 /* Project object */;
}
